// !$*UTF8*$!
{
	archiveVersion = 1;
	classes = {
	};
	objectVersion = 51;
	objects = {

/* Begin PBXBuildFile section */
		3F16D562244318D5003D2F54 /* GoogleService-Info.plist in Resources */ = {isa = PBXBuildFile; fileRef = 3F16D561244318D5003D2F54 /* GoogleService-Info.plist */; };
		3F16D5642443CC32003D2F54 /* MessageViewController.swift in Sources */ = {isa = PBXBuildFile; fileRef = 3F16D5632443CC32003D2F54 /* MessageViewController.swift */; };
		3FE7C1892442EF4600B2E3B2 /* AppDelegate.swift in Sources */ = {isa = PBXBuildFile; fileRef = 3FE7C1882442EF4600B2E3B2 /* AppDelegate.swift */; };
		3FE7C18B2442EF4600B2E3B2 /* SceneDelegate.swift in Sources */ = {isa = PBXBuildFile; fileRef = 3FE7C18A2442EF4600B2E3B2 /* SceneDelegate.swift */; };
		3FE7C18D2442EF4600B2E3B2 /* ViewController.swift in Sources */ = {isa = PBXBuildFile; fileRef = 3FE7C18C2442EF4600B2E3B2 /* ViewController.swift */; };
		3FE7C1902442EF4600B2E3B2 /* Main.storyboard in Resources */ = {isa = PBXBuildFile; fileRef = 3FE7C18E2442EF4600B2E3B2 /* Main.storyboard */; };
		3FE7C1922442EF4A00B2E3B2 /* Assets.xcassets in Resources */ = {isa = PBXBuildFile; fileRef = 3FE7C1912442EF4A00B2E3B2 /* Assets.xcassets */; };
		3FE7C1952442EF4A00B2E3B2 /* LaunchScreen.storyboard in Resources */ = {isa = PBXBuildFile; fileRef = 3FE7C1932442EF4A00B2E3B2 /* LaunchScreen.storyboard */; };
		3FE7C19D2442F03E00B2E3B2 /* ComposeViewController.swift in Sources */ = {isa = PBXBuildFile; fileRef = 3FE7C19C2442F03E00B2E3B2 /* ComposeViewController.swift */; };
		51D59EE6F5F32262C319AA62 /* Pods_messagingapp.framework in Frameworks */ = {isa = PBXBuildFile; fileRef = 1714DB2C68834261580B8424 /* Pods_messagingapp.framework */; };
/* End PBXBuildFile section */

/* Begin PBXFileReference section */
		1714DB2C68834261580B8424 /* Pods_messagingapp.framework */ = {isa = PBXFileReference; explicitFileType = wrapper.framework; includeInIndex = 0; path = Pods_messagingapp.framework; sourceTree = BUILT_PRODUCTS_DIR; };
		3A59983BF5858368DCE47A22 /* Pods-messagingapp.release.xcconfig */ = {isa = PBXFileReference; includeInIndex = 1; lastKnownFileType = text.xcconfig; name = "Pods-messagingapp.release.xcconfig"; path = "Target Support Files/Pods-messagingapp/Pods-messagingapp.release.xcconfig"; sourceTree = "<group>"; };
		3F16D561244318D5003D2F54 /* GoogleService-Info.plist */ = {isa = PBXFileReference; fileEncoding = 4; lastKnownFileType = text.plist.xml; path = "GoogleService-Info.plist"; sourceTree = "<group>"; };
		3F16D5632443CC32003D2F54 /* MessageViewController.swift */ = {isa = PBXFileReference; lastKnownFileType = sourcecode.swift; path = MessageViewController.swift; sourceTree = "<group>"; };
		3FE7C1852442EF4600B2E3B2 /* messagingapp.app */ = {isa = PBXFileReference; explicitFileType = wrapper.application; includeInIndex = 0; path = messagingapp.app; sourceTree = BUILT_PRODUCTS_DIR; };
		3FE7C1882442EF4600B2E3B2 /* AppDelegate.swift */ = {isa = PBXFileReference; lastKnownFileType = sourcecode.swift; path = AppDelegate.swift; sourceTree = "<group>"; };
		3FE7C18A2442EF4600B2E3B2 /* SceneDelegate.swift */ = {isa = PBXFileReference; lastKnownFileType = sourcecode.swift; path = SceneDelegate.swift; sourceTree = "<group>"; };
		3FE7C18C2442EF4600B2E3B2 /* ViewController.swift */ = {isa = PBXFileReference; lastKnownFileType = sourcecode.swift; path = ViewController.swift; sourceTree = "<group>"; };
		3FE7C18F2442EF4600B2E3B2 /* Base */ = {isa = PBXFileReference; lastKnownFileType = file.storyboard; name = Base; path = Base.lproj/Main.storyboard; sourceTree = "<group>"; };
		3FE7C1912442EF4A00B2E3B2 /* Assets.xcassets */ = {isa = PBXFileReference; lastKnownFileType = folder.assetcatalog; path = Assets.xcassets; sourceTree = "<group>"; };
		3FE7C1942442EF4A00B2E3B2 /* Base */ = {isa = PBXFileReference; lastKnownFileType = file.storyboard; name = Base; path = Base.lproj/LaunchScreen.storyboard; sourceTree = "<group>"; };
		3FE7C1962442EF4A00B2E3B2 /* Info.plist */ = {isa = PBXFileReference; lastKnownFileType = text.plist.xml; path = Info.plist; sourceTree = "<group>"; };
		3FE7C19C2442F03E00B2E3B2 /* ComposeViewController.swift */ = {isa = PBXFileReference; lastKnownFileType = sourcecode.swift; path = ComposeViewController.swift; sourceTree = "<group>"; };
		D2A73CE98CB2D7A92E52F69F /* Pods-messagingapp.debug.xcconfig */ = {isa = PBXFileReference; includeInIndex = 1; lastKnownFileType = text.xcconfig; name = "Pods-messagingapp.debug.xcconfig"; path = "Target Support Files/Pods-messagingapp/Pods-messagingapp.debug.xcconfig"; sourceTree = "<group>"; };
/* End PBXFileReference section */

/* Begin PBXFrameworksBuildPhase section */
		3FE7C1822442EF4600B2E3B2 /* Frameworks */ = {
			isa = PBXFrameworksBuildPhase;
			buildActionMask = 2147483647;
			files = (
				51D59EE6F5F32262C319AA62 /* Pods_messagingapp.framework in Frameworks */,
			);
			runOnlyForDeploymentPostprocessing = 0;
		};
/* End PBXFrameworksBuildPhase section */

/* Begin PBXGroup section */
		0B0BC6E265E34F7877F8F4F0 /* Pods */ = {
			isa = PBXGroup;
			children = (
				D2A73CE98CB2D7A92E52F69F /* Pods-messagingapp.debug.xcconfig */,
				3A59983BF5858368DCE47A22 /* Pods-messagingapp.release.xcconfig */,
			);
			path = Pods;
			sourceTree = "<group>";
		};
		14D84AF1444131CF016F96D2 /* Frameworks */ = {
			isa = PBXGroup;
			children = (
				1714DB2C68834261580B8424 /* Pods_messagingapp.framework */,
			);
			name = Frameworks;
			sourceTree = "<group>";
		};
		3FE7C17C2442EF4600B2E3B2 = {
			isa = PBXGroup;
			children = (
				3FE7C1872442EF4600B2E3B2 /* messagingapp */,
				3FE7C1862442EF4600B2E3B2 /* Products */,
				0B0BC6E265E34F7877F8F4F0 /* Pods */,
				14D84AF1444131CF016F96D2 /* Frameworks */,
			);
			sourceTree = "<group>";
		};
		3FE7C1862442EF4600B2E3B2 /* Products */ = {
			isa = PBXGroup;
			children = (
				3FE7C1852442EF4600B2E3B2 /* messagingapp.app */,
			);
			name = Products;
			sourceTree = "<group>";
		};
		3FE7C1872442EF4600B2E3B2 /* messagingapp */ = {
			isa = PBXGroup;
			children = (
				3FE7C1882442EF4600B2E3B2 /* AppDelegate.swift */,
				3FE7C18A2442EF4600B2E3B2 /* SceneDelegate.swift */,
				3FE7C18C2442EF4600B2E3B2 /* ViewController.swift */,
				3FE7C18E2442EF4600B2E3B2 /* Main.storyboard */,
				3FE7C1912442EF4A00B2E3B2 /* Assets.xcassets */,
				3FE7C1932442EF4A00B2E3B2 /* LaunchScreen.storyboard */,
				3FE7C1962442EF4A00B2E3B2 /* Info.plist */,
				3FE7C19C2442F03E00B2E3B2 /* ComposeViewController.swift */,
				3F16D561244318D5003D2F54 /* GoogleService-Info.plist */,
				3F16D5632443CC32003D2F54 /* MessageViewController.swift */,
			);
			path = messagingapp;
			sourceTree = "<group>";
		};
/* End PBXGroup section */

/* Begin PBXNativeTarget section */
		3FE7C1842442EF4600B2E3B2 /* messagingapp */ = {
			isa = PBXNativeTarget;
			buildConfigurationList = 3FE7C1992442EF4A00B2E3B2 /* Build configuration list for PBXNativeTarget "messagingapp" */;
			buildPhases = (
				33ABCFD606F7F58D8BDCF5D3 /* [CP] Check Pods Manifest.lock */,
				3FE7C1812442EF4600B2E3B2 /* Sources */,
				3FE7C1822442EF4600B2E3B2 /* Frameworks */,
				3FE7C1832442EF4600B2E3B2 /* Resources */,
				A12387B12F519C6D68EA056C /* [CP] Embed Pods Frameworks */,
			);
			buildRules = (
			);
			dependencies = (
			);
			name = messagingapp;
			productName = messagingapp;
			productReference = 3FE7C1852442EF4600B2E3B2 /* messagingapp.app */;
			productType = "com.apple.product-type.application";
		};
/* End PBXNativeTarget section */

/* Begin PBXProject section */
		3FE7C17D2442EF4600B2E3B2 /* Project object */ = {
			isa = PBXProject;
			attributes = {
				LastSwiftUpdateCheck = 1130;
				LastUpgradeCheck = 1130;
				ORGANIZATIONNAME = "Gangadhar Yerramsetti";
				TargetAttributes = {
					3FE7C1842442EF4600B2E3B2 = {
						CreatedOnToolsVersion = 11.3.1;
					};
				};
			};
			buildConfigurationList = 3FE7C1802442EF4600B2E3B2 /* Build configuration list for PBXProject "messagingapp" */;
			compatibilityVersion = "Xcode 9.3";
			developmentRegion = en;
			hasScannedForEncodings = 0;
			knownRegions = (
				en,
				Base,
			);
			mainGroup = 3FE7C17C2442EF4600B2E3B2;
			productRefGroup = 3FE7C1862442EF4600B2E3B2 /* Products */;
			projectDirPath = "";
			projectRoot = "";
			targets = (
				3FE7C1842442EF4600B2E3B2 /* messagingapp */,
			);
		};
/* End PBXProject section */

/* Begin PBXResourcesBuildPhase section */
		3FE7C1832442EF4600B2E3B2 /* Resources */ = {
			isa = PBXResourcesBuildPhase;
			buildActionMask = 2147483647;
			files = (
				3FE7C1952442EF4A00B2E3B2 /* LaunchScreen.storyboard in Resources */,
				3FE7C1922442EF4A00B2E3B2 /* Assets.xcassets in Resources */,
				3FE7C1902442EF4600B2E3B2 /* Main.storyboard in Resources */,
				3F16D562244318D5003D2F54 /* GoogleService-Info.plist in Resources */,
			);
			runOnlyForDeploymentPostprocessing = 0;
		};
/* End PBXResourcesBuildPhase section */

/* Begin PBXShellScriptBuildPhase section */
		33ABCFD606F7F58D8BDCF5D3 /* [CP] Check Pods Manifest.lock */ = {
			isa = PBXShellScriptBuildPhase;
			buildActionMask = 2147483647;
			files = (
			);
			inputFileListPaths = (
			);
			inputPaths = (
				"${PODS_PODFILE_DIR_PATH}/Podfile.lock",
				"${PODS_ROOT}/Manifest.lock",
			);
			name = "[CP] Check Pods Manifest.lock";
			outputFileListPaths = (
			);
			outputPaths = (
				"$(DERIVED_FILE_DIR)/Pods-messagingapp-checkManifestLockResult.txt",
			);
			runOnlyForDeploymentPostprocessing = 0;
			shellPath = /bin/sh;
			shellScript = "diff \"${PODS_PODFILE_DIR_PATH}/Podfile.lock\" \"${PODS_ROOT}/Manifest.lock\" > /dev/null\nif [ $? != 0 ] ; then\n    # print error to STDERR\n    echo \"error: The sandbox is not in sync with the Podfile.lock. Run 'pod install' or update your CocoaPods installation.\" >&2\n    exit 1\nfi\n# This output is used by Xcode 'outputs' to avoid re-running this script phase.\necho \"SUCCESS\" > \"${SCRIPT_OUTPUT_FILE_0}\"\n";
			showEnvVarsInLog = 0;
		};
		A12387B12F519C6D68EA056C /* [CP] Embed Pods Frameworks */ = {
			isa = PBXShellScriptBuildPhase;
			buildActionMask = 2147483647;
			files = (
			);
			inputFileListPaths = (
				"${PODS_ROOT}/Target Support Files/Pods-messagingapp/Pods-messagingapp-frameworks-${CONFIGURATION}-input-files.xcfilelist",
			);
			name = "[CP] Embed Pods Frameworks";
			outputFileListPaths = (
				"${PODS_ROOT}/Target Support Files/Pods-messagingapp/Pods-messagingapp-frameworks-${CONFIGURATION}-output-files.xcfilelist",
			);
			runOnlyForDeploymentPostprocessing = 0;
			shellPath = /bin/sh;
			shellScript = "\"${PODS_ROOT}/Target Support Files/Pods-messagingapp/Pods-messagingapp-frameworks.sh\"\n";
			showEnvVarsInLog = 0;
		};
/* End PBXShellScriptBuildPhase section */

/* Begin PBXSourcesBuildPhase section */
		3FE7C1812442EF4600B2E3B2 /* Sources */ = {
			isa = PBXSourcesBuildPhase;
			buildActionMask = 2147483647;
			files = (
				3FE7C19D2442F03E00B2E3B2 /* ComposeViewController.swift in Sources */,
				3FE7C18D2442EF4600B2E3B2 /* ViewController.swift in Sources */,
				3FE7C1892442EF4600B2E3B2 /* AppDelegate.swift in Sources */,
				3FE7C18B2442EF4600B2E3B2 /* SceneDelegate.swift in Sources */,
				3F16D5642443CC32003D2F54 /* MessageViewController.swift in Sources */,
			);
			runOnlyForDeploymentPostprocessing = 0;
		};
/* End PBXSourcesBuildPhase section */

/* Begin PBXVariantGroup section */
		3FE7C18E2442EF4600B2E3B2 /* Main.storyboard */ = {
			isa = PBXVariantGroup;
			children = (
				3FE7C18F2442EF4600B2E3B2 /* Base */,
			);
			name = Main.storyboard;
			sourceTree = "<group>";
		};
		3FE7C1932442EF4A00B2E3B2 /* LaunchScreen.storyboard */ = {
			isa = PBXVariantGroup;
			children = (
				3FE7C1942442EF4A00B2E3B2 /* Base */,
			);
			name = LaunchScreen.storyboard;
			sourceTree = "<group>";
		};
/* End PBXVariantGroup section */

/* Begin XCBuildConfiguration section */
		3FE7C1972442EF4A00B2E3B2 /* Debug */ = {
			isa = XCBuildConfiguration;
			buildSettings = {
				ALWAYS_SEARCH_USER_PATHS = NO;
				CLANG_ANALYZER_NONNULL = YES;
				CLANG_ANALYZER_NUMBER_OBJECT_CONVERSION = YES_AGGRESSIVE;
				CLANG_CXX_LANGUAGE_STANDARD = "gnu++14";
				CLANG_CXX_LIBRARY = "libc++";
				CLANG_ENABLE_MODULES = YES;
				CLANG_ENABLE_OBJC_ARC = YES;
				CLANG_ENABLE_OBJC_WEAK = YES;
				CLANG_WARN_BLOCK_CAPTURE_AUTORELEASING = YES;
				CLANG_WARN_BOOL_CONVERSION = YES;
				CLANG_WARN_COMMA = YES;
				CLANG_WARN_CONSTANT_CONVERSION = YES;
				CLANG_WARN_DEPRECATED_OBJC_IMPLEMENTATIONS = YES;
				CLANG_WARN_DIRECT_OBJC_ISA_USAGE = YES_ERROR;
				CLANG_WARN_DOCUMENTATION_COMMENTS = YES;
				CLANG_WARN_EMPTY_BODY = YES;
				CLANG_WARN_ENUM_CONVERSION = YES;
				CLANG_WARN_INFINITE_RECURSION = YES;
				CLANG_WARN_INT_CONVERSION = YES;
				CLANG_WARN_NON_LITERAL_NULL_CONVERSION = YES;
				CLANG_WARN_OBJC_IMPLICIT_RETAIN_SELF = YES;
				CLANG_WARN_OBJC_LITERAL_CONVERSION = YES;
				CLANG_WARN_OBJC_ROOT_CLASS = YES_ERROR;
				CLANG_WARN_RANGE_LOOP_ANALYSIS = YES;
				CLANG_WARN_STRICT_PROTOTYPES = YES;
				CLANG_WARN_SUSPICIOUS_MOVE = YES;
				CLANG_WARN_UNGUARDED_AVAILABILITY = YES_AGGRESSIVE;
				CLANG_WARN_UNREACHABLE_CODE = YES;
				CLANG_WARN__DUPLICATE_METHOD_MATCH = YES;
				COPY_PHASE_STRIP = NO;
				DEBUG_INFORMATION_FORMAT = dwarf;
				ENABLE_STRICT_OBJC_MSGSEND = YES;
				ENABLE_TESTABILITY = YES;
				GCC_C_LANGUAGE_STANDARD = gnu11;
				GCC_DYNAMIC_NO_PIC = NO;
				GCC_NO_COMMON_BLOCKS = YES;
				GCC_OPTIMIZATION_LEVEL = 0;
				GCC_PREPROCESSOR_DEFINITIONS = (
					"DEBUG=1",
					"$(inherited)",
				);
				GCC_WARN_64_TO_32_BIT_CONVERSION = YES;
				GCC_WARN_ABOUT_RETURN_TYPE = YES_ERROR;
				GCC_WARN_UNDECLARED_SELECTOR = YES;
				GCC_WARN_UNINITIALIZED_AUTOS = YES_AGGRESSIVE;
				GCC_WARN_UNUSED_FUNCTION = YES;
				GCC_WARN_UNUSED_VARIABLE = YES;
				IPHONEOS_DEPLOYMENT_TARGET = 13.2;
				MTL_ENABLE_DEBUG_INFO = INCLUDE_SOURCE;
				MTL_FAST_MATH = YES;
				ONLY_ACTIVE_ARCH = YES;
				SDKROOT = iphoneos;
				SWIFT_ACTIVE_COMPILATION_CONDITIONS = DEBUG;
				SWIFT_OPTIMIZATION_LEVEL = "-Onone";
			};
			name = Debug;
		};
		3FE7C1982442EF4A00B2E3B2 /* Release */ = {
			isa = XCBuildConfiguration;
			buildSettings = {
				ALWAYS_SEARCH_USER_PATHS = NO;
				CLANG_ANALYZER_NONNULL = YES;
				CLANG_ANALYZER_NUMBER_OBJECT_CONVERSION = YES_AGGRESSIVE;
				CLANG_CXX_LANGUAGE_STANDARD = "gnu++14";
				CLANG_CXX_LIBRARY = "libc++";
				CLANG_ENABLE_MODULES = YES;
				CLANG_ENABLE_OBJC_ARC = YES;
				CLANG_ENABLE_OBJC_WEAK = YES;
				CLANG_WARN_BLOCK_CAPTURE_AUTORELEASING = YES;
				CLANG_WARN_BOOL_CONVERSION = YES;
				CLANG_WARN_COMMA = YES;
				CLANG_WARN_CONSTANT_CONVERSION = YES;
				CLANG_WARN_DEPRECATED_OBJC_IMPLEMENTATIONS = YES;
				CLANG_WARN_DIRECT_OBJC_ISA_USAGE = YES_ERROR;
				CLANG_WARN_DOCUMENTATION_COMMENTS = YES;
				CLANG_WARN_EMPTY_BODY = YES;
				CLANG_WARN_ENUM_CONVERSION = YES;
				CLANG_WARN_INFINITE_RECURSION = YES;
				CLANG_WARN_INT_CONVERSION = YES;
				CLANG_WARN_NON_LITERAL_NULL_CONVERSION = YES;
				CLANG_WARN_OBJC_IMPLICIT_RETAIN_SELF = YES;
				CLANG_WARN_OBJC_LITERAL_CONVERSION = YES;
				CLANG_WARN_OBJC_ROOT_CLASS = YES_ERROR;
				CLANG_WARN_RANGE_LOOP_ANALYSIS = YES;
				CLANG_WARN_STRICT_PROTOTYPES = YES;
				CLANG_WARN_SUSPICIOUS_MOVE = YES;
				CLANG_WARN_UNGUARDED_AVAILABILITY = YES_AGGRESSIVE;
				CLANG_WARN_UNREACHABLE_CODE = YES;
				CLANG_WARN__DUPLICATE_METHOD_MATCH = YES;
				COPY_PHASE_STRIP = NO;
				DEBUG_INFORMATION_FORMAT = "dwarf-with-dsym";
				ENABLE_NS_ASSERTIONS = NO;
				ENABLE_STRICT_OBJC_MSGSEND = YES;
				GCC_C_LANGUAGE_STANDARD = gnu11;
				GCC_NO_COMMON_BLOCKS = YES;
				GCC_WARN_64_TO_32_BIT_CONVERSION = YES;
				GCC_WARN_ABOUT_RETURN_TYPE = YES_ERROR;
				GCC_WARN_UNDECLARED_SELECTOR = YES;
				GCC_WARN_UNINITIALIZED_AUTOS = YES_AGGRESSIVE;
				GCC_WARN_UNUSED_FUNCTION = YES;
				GCC_WARN_UNUSED_VARIABLE = YES;
				IPHONEOS_DEPLOYMENT_TARGET = 13.2;
				MTL_ENABLE_DEBUG_INFO = NO;
				MTL_FAST_MATH = YES;
				SDKROOT = iphoneos;
				SWIFT_COMPILATION_MODE = wholemodule;
				SWIFT_OPTIMIZATION_LEVEL = "-O";
				VALIDATE_PRODUCT = YES;
			};
			name = Release;
		};
		3FE7C19A2442EF4A00B2E3B2 /* Debug */ = {
			isa = XCBuildConfiguration;
			baseConfigurationReference = D2A73CE98CB2D7A92E52F69F /* Pods-messagingapp.debug.xcconfig */;
			buildSettings = {
				ASSETCATALOG_COMPILER_APPICON_NAME = AppIcon;
				CODE_SIGN_STYLE = Automatic;
				DEVELOPMENT_TEAM = 583N2DJ8B2;
				INFOPLIST_FILE = messagingapp/Info.plist;
				LD_RUNPATH_SEARCH_PATHS = (
					"$(inherited)",
					"@executable_path/Frameworks",
				);
				PRODUCT_BUNDLE_IDENTIFIER = edu.nwmissouri.messagingapp;
				PRODUCT_NAME = "$(TARGET_NAME)";
				SWIFT_VERSION = 5.0;
				TARGETED_DEVICE_FAMILY = "1,2";
			};
			name = Debug;
		};
		3FE7C19B2442EF4A00B2E3B2 /* Release */ = {
			isa = XCBuildConfiguration;
			baseConfigurationReference = 3A59983BF5858368DCE47A22 /* Pods-messagingapp.release.xcconfig */;
			buildSettings = {
				ASSETCATALOG_COMPILER_APPICON_NAME = AppIcon;
				CODE_SIGN_STYLE = Automatic;
				DEVELOPMENT_TEAM = 583N2DJ8B2;
				INFOPLIST_FILE = messagingapp/Info.plist;
				LD_RUNPATH_SEARCH_PATHS = (
					"$(inherited)",
					"@executable_path/Frameworks",
				);
				PRODUCT_BUNDLE_IDENTIFIER = edu.nwmissouri.messagingapp;
				PRODUCT_NAME = "$(TARGET_NAME)";
				SWIFT_VERSION = 5.0;
				TARGETED_DEVICE_FAMILY = "1,2";
			};
			name = Release;
		};
/* End XCBuildConfiguration section */

/* Begin XCConfigurationList section */
		3FE7C1802442EF4600B2E3B2 /* Build configuration list for PBXProject "messagingapp" */ = {
			isa = XCConfigurationList;
			buildConfigurations = (
				3FE7C1972442EF4A00B2E3B2 /* Debug */,
				3FE7C1982442EF4A00B2E3B2 /* Release */,
			);
			defaultConfigurationIsVisible = 0;
			defaultConfigurationName = Release;
		};
		3FE7C1992442EF4A00B2E3B2 /* Build configuration list for PBXNativeTarget "messagingapp" */ = {
			isa = XCConfigurationList;
			buildConfigurations = (
				3FE7C19A2442EF4A00B2E3B2 /* Debug */,
				3FE7C19B2442EF4A00B2E3B2 /* Release */,
			);
			defaultConfigurationIsVisible = 0;
			defaultConfigurationName = Release;
		};
/* End XCConfigurationList section */
	};
	rootObject = 3FE7C17D2442EF4600B2E3B2 /* Project object */;
}
